{
    "_meta": {
        "hash": {
            "sha256": "a7d19c7ce8131db016cf8f6198903bfa5ea0001a9ca6dbce32b31036da771ce9"
        },
        "pipfile-spec": 6,
        "requires": {
            "python_version": "3.7"
        },
        "sources": [
            {
                "name": "pypi",
                "url": "https://pypi.org/simple",
                "verify_ssl": true
            }
        ]
    },
    "default": {
        "faker": {
            "hashes": [
                "sha256:228419b0a788a7ac867ebfafdd438461559ab1a0975edb607300852d9acaa78d",
                "sha256:52a3dcc6a565b15fe1c95090321756d5a8a7c1caf5ab3df2f573ed70936ff518"
            ],
            "index": "pypi",
            "version": "==1.0.1"
        },
        "pyodbc": {
            "hashes": [
                "sha256:0ea8c8ed37c9abf8eb411e5148409a4cb05e0da2c03a694a07b17011d0ca7cad",
                "sha256:34cd574407a2fa54ba7fc1096911003f297fcf1e6fd90845936c4553e7dd9f6a",
                "sha256:4596474a2f1cfb81e8c634e16196a6254882d55e2b6e11bb5f9141012afe4d7b",
                "sha256:4f7491244dc12489da35ffb000afbc759cd7280f031cae89d6d419a971c58d08",
                "sha256:5b148cc2a7c40a2a31874ec8c67379919828140e2a105c93e5f878d713d97787",
                "sha256:6831d808e35391cc052300d6615aa6b0397eef6d9393bebc6d3ccb1fd98c7102",
                "sha256:6ac05d35302c66bf2547749c59fd04196fad35482dbebf4c3a70e7a8bee09588",
                "sha256:6f267cd23d2ce35b6b647f2b1ac46305588d980b99bc48b4516a6b2383e9ecbe",
                "sha256:785dd24694187b553a3667168454b9966294d4bea14d0dfb94ef539169a76e48",
                "sha256:7f247dada02d74df40cd5e85ccab7e16f4eac1300d2e2596134f44f6022f91e7",
                "sha256:81c0d73be87c28ee1cfcc55bde224660ee9dbd40dcaf6ec60b035eb24bfc4f03",
                "sha256:95c9aa3d73319b0936d15ee4ad3ff2e9ee0d1e19a04754e3e7e6b730c2e2f0e5",
                "sha256:9651eb968ad66681461a98e92bcdc94ed93164d94390b45c5f82dfbfd13399b8",
                "sha256:9a3aa2550c53a16728ffaec812e06a185519c066a2cd639479cd1c9514d39d88",
                "sha256:e36afbbf3db404441aba861092955f6ff3f4353073688afe2c194a345d3bfd8a",
                "sha256:f8ef7eff25ad7222312e6b751baf69504ef8eeeb5affeb3651d5fe34a74919bc"
            ],
            "index": "pypi",
            "version": "==4.0.25"
        },
        "python-dateutil": {
            "hashes": [
                "sha256:063df5763652e21de43de7d9e00ccf239f953a832941e37be541614732cdfc93",
                "sha256:88f9287c0174266bb0d8cedd395cfba9c58e87e5ad86b2ce58859bc11be3cf02"
            ],
            "version": "==2.7.5"
        },
        "six": {
            "hashes": [
                "sha256:3350809f0555b11f552448330d0b52d5f24c91a322ea4a15ef22629740f3761c",
                "sha256:d16a0141ec1a18405cd4ce8b4613101da75da0e9a7aec5bdd4fa804d0e0eba73"
            ],
            "version": "==1.12.0"
        },
        "text-unidecode": {
            "hashes": [
                "sha256:5a1375bb2ba7968740508ae38d92e1f889a0832913cb1c447d5e2046061a396d",
                "sha256:801e38bd550b943563660a91de8d4b6fa5df60a542be9093f7abf819f86050cc"
            ],
            "version": "==1.2"
        }
    },
    "develop": {}
}
